
Microsoft Visual Studio Solution File, Format Version 12.00
# Visual Studio 2015
Project("{FAE04EC0-301F-11D3-BF4B-00C04F79EFBC}") = "UnityVS.Proyectofinal.CSharp.Plugins", "UnityVS.Proyectofinal.CSharp.Plugins.csproj", "{B17426C5-E09C-F978-5F76-76FF785CD808}"
EndProject
Project("{FAE04EC0-301F-11D3-BF4B-00C04F79EFBC}") = "UnityVS.Proyectofinal.CSharp.Editor", "UnityVS.Proyectofinal.CSharp.Editor.csproj", "{79C33212-F8AB-5E2D-96B4-CD563F7EB529}"
EndProject
Global
	GlobalSection(SolutionConfigurationPlatforms) = preSolution
		Debug|Any CPU = Debug|Any CPU
		Release|Any CPU = Release|Any CPU
	EndGlobalSection
	GlobalSection(ProjectConfigurationPlatforms) = postSolution
		{B17426C5-E09C-F978-5F76-76FF785CD808}.Debug|Any CPU.ActiveCfg = Debug|Any CPU
		{B17426C5-E09C-F978-5F76-76FF785CD808}.Debug|Any CPU.Build.0 = Debug|Any CPU
		{B17426C5-E09C-F978-5F76-76FF785CD808}.Release|Any CPU.ActiveCfg = Release|Any CPU
		{B17426C5-E09C-F978-5F76-76FF785CD808}.Release|Any CPU.Build.0 = Release|Any CPU
		{79C33212-F8AB-5E2D-96B4-CD563F7EB529}.Debug|Any CPU.ActiveCfg = Debug|Any CPU
		{79C33212-F8AB-5E2D-96B4-CD563F7EB529}.Debug|Any CPU.Build.0 = Debug|Any CPU
		{79C33212-F8AB-5E2D-96B4-CD563F7EB529}.Release|Any CPU.ActiveCfg = Release|Any CPU
		{79C33212-F8AB-5E2D-96B4-CD563F7EB529}.Release|Any CPU.Build.0 = Release|Any CPU
	EndGlobalSection
	GlobalSection(SolutionProperties) = preSolution
		HideSolutionNode = FALSE
	EndGlobalSection
EndGlobal
