
Microsoft Visual Studio Solution File, Format Version 12.00
# Visual Studio 2015
Project("{FAE04EC0-301F-11D3-BF4B-00C04F79EFBC}") = "UnityVS.ProyectoFinal.CSharp.Plugins", "UnityVS.ProyectoFinal.CSharp.Plugins.csproj", "{442D7CA9-FAEE-4C2F-5A39-87CC41B6B0B1}"
EndProject
Project("{FAE04EC0-301F-11D3-BF4B-00C04F79EFBC}") = "UnityVS.ProyectoFinal.CSharp", "UnityVS.ProyectoFinal.CSharp.csproj", "{4FD700B3-2031-ABBB-6167-E3FCD3F646C9}"
EndProject
Project("{FAE04EC0-301F-11D3-BF4B-00C04F79EFBC}") = "UnityVS.ProyectoFinal.CSharp.Editor", "UnityVS.ProyectoFinal.CSharp.Editor.csproj", "{EC8DACF4-4E4C-0755-B13C-98BBBA7832A6}"
EndProject
Global
	GlobalSection(SolutionConfigurationPlatforms) = preSolution
		Debug|Any CPU = Debug|Any CPU
		Release|Any CPU = Release|Any CPU
	EndGlobalSection
	GlobalSection(ProjectConfigurationPlatforms) = postSolution
		{442D7CA9-FAEE-4C2F-5A39-87CC41B6B0B1}.Debug|Any CPU.ActiveCfg = Debug|Any CPU
		{442D7CA9-FAEE-4C2F-5A39-87CC41B6B0B1}.Debug|Any CPU.Build.0 = Debug|Any CPU
		{442D7CA9-FAEE-4C2F-5A39-87CC41B6B0B1}.Release|Any CPU.ActiveCfg = Release|Any CPU
		{442D7CA9-FAEE-4C2F-5A39-87CC41B6B0B1}.Release|Any CPU.Build.0 = Release|Any CPU
		{4FD700B3-2031-ABBB-6167-E3FCD3F646C9}.Debug|Any CPU.ActiveCfg = Debug|Any CPU
		{4FD700B3-2031-ABBB-6167-E3FCD3F646C9}.Debug|Any CPU.Build.0 = Debug|Any CPU
		{4FD700B3-2031-ABBB-6167-E3FCD3F646C9}.Release|Any CPU.ActiveCfg = Release|Any CPU
		{4FD700B3-2031-ABBB-6167-E3FCD3F646C9}.Release|Any CPU.Build.0 = Release|Any CPU
		{EC8DACF4-4E4C-0755-B13C-98BBBA7832A6}.Debug|Any CPU.ActiveCfg = Debug|Any CPU
		{EC8DACF4-4E4C-0755-B13C-98BBBA7832A6}.Debug|Any CPU.Build.0 = Debug|Any CPU
		{EC8DACF4-4E4C-0755-B13C-98BBBA7832A6}.Release|Any CPU.ActiveCfg = Release|Any CPU
		{EC8DACF4-4E4C-0755-B13C-98BBBA7832A6}.Release|Any CPU.Build.0 = Release|Any CPU
	EndGlobalSection
	GlobalSection(SolutionProperties) = preSolution
		HideSolutionNode = FALSE
	EndGlobalSection
EndGlobal
